
Microsoft Visual Studio Solution File, Format Version 12.00
# Visual Studio Version 16
VisualStudioVersion = 16.0.30011.22
MinimumVisualStudioVersion = 10.0.40219.1
Project("{9A19103F-16F7-4668-BE54-9A1E7A4F7556}") = "EmployeeDirectoryNET20", "EmployeeDirectoryNET20\EmployeeDirectoryNET20.csproj", "{7E974896-323C-4196-9B8B-2B53B7B3C9B6}"
EndProject
Project("{FAE04EC0-301F-11D3-BF4B-00C04F79EFBC}") = "EmployeeDirectory.Tests", "EmployeeDirectory.Tests\EmployeeDirectory.Tests.csproj", "{E6FE02CF-AB61-4F58-9BDD-207EC3426CE4}"
EndProject
Global
	GlobalSection(SolutionConfigurationPlatforms) = preSolution
		Debug|Any CPU = Debug|Any CPU
		Release|Any CPU = Release|Any CPU
	EndGlobalSection
	GlobalSection(ProjectConfigurationPlatforms) = postSolution
		{7E974896-323C-4196-9B8B-2B53B7B3C9B6}.Debug|Any CPU.ActiveCfg = Debug|Any CPU
		{7E974896-323C-4196-9B8B-2B53B7B3C9B6}.Debug|Any CPU.Build.0 = Debug|Any CPU
		{7E974896-323C-4196-9B8B-2B53B7B3C9B6}.Release|Any CPU.ActiveCfg = Release|Any CPU
		{7E974896-323C-4196-9B8B-2B53B7B3C9B6}.Release|Any CPU.Build.0 = Release|Any CPU
		{E6FE02CF-AB61-4F58-9BDD-207EC3426CE4}.Debug|Any CPU.ActiveCfg = Debug|Any CPU
		{E6FE02CF-AB61-4F58-9BDD-207EC3426CE4}.Debug|Any CPU.Build.0 = Debug|Any CPU
		{E6FE02CF-AB61-4F58-9BDD-207EC3426CE4}.Release|Any CPU.ActiveCfg = Release|Any CPU
		{E6FE02CF-AB61-4F58-9BDD-207EC3426CE4}.Release|Any CPU.Build.0 = Release|Any CPU
	EndGlobalSection
	GlobalSection(SolutionProperties) = preSolution
		HideSolutionNode = FALSE
	EndGlobalSection
	GlobalSection(ExtensibilityGlobals) = postSolution
		SolutionGuid = {73B99892-A96F-4161-B1EC-F0CD2EA30522}
	EndGlobalSection
EndGlobal
